
Microsoft Visual Studio Solution File, Format Version 12.00
# Visual Studio 15
VisualStudioVersion = 15.0.28307.271
MinimumVisualStudioVersion = 10.0.40219.1
Project("{8BC9CEB8-8B4A-11D0-8D11-00A0C91BC942}") = "RegSLScan", "RegSLScan\RegSLScan.vcxproj", "{E533CCB2-FC2A-4275-8A57-104C6B367D8A}"
EndProject
Global
	GlobalSection(SolutionConfigurationPlatforms) = preSolution
		Debug|x64 = Debug|x64
		Debug|x86 = Debug|x86
		Release|x64 = Release|x64
		Release|x86 = Release|x86
	EndGlobalSection
	GlobalSection(ProjectConfigurationPlatforms) = postSolution
		{E533CCB2-FC2A-4275-8A57-104C6B367D8A}.Debug|x64.ActiveCfg = Debug|x64
		{E533CCB2-FC2A-4275-8A57-104C6B367D8A}.Debug|x64.Build.0 = Debug|x64
		{E533CCB2-FC2A-4275-8A57-104C6B367D8A}.Debug|x86.ActiveCfg = Debug|Win32
		{E533CCB2-FC2A-4275-8A57-104C6B367D8A}.Debug|x86.Build.0 = Debug|Win32
		{E533CCB2-FC2A-4275-8A57-104C6B367D8A}.Release|x64.ActiveCfg = Release|x64
		{E533CCB2-FC2A-4275-8A57-104C6B367D8A}.Release|x64.Build.0 = Release|x64
		{E533CCB2-FC2A-4275-8A57-104C6B367D8A}.Release|x86.ActiveCfg = Release|Win32
		{E533CCB2-FC2A-4275-8A57-104C6B367D8A}.Release|x86.Build.0 = Release|Win32
	EndGlobalSection
	GlobalSection(SolutionProperties) = preSolution
		HideSolutionNode = FALSE
	EndGlobalSection
	GlobalSection(ExtensibilityGlobals) = postSolution
		SolutionGuid = {46F50127-C633-4F42-BEC7-C72ADCA0B9B7}
	EndGlobalSection
EndGlobal
